
Microsoft Visual Studio Solution File, Format Version 12.00
# Visual Studio Version 17
VisualStudioVersion = 17.0.31919.166
MinimumVisualStudioVersion = 10.0.40219.1
Project("{FAE04EC0-301F-11D3-BF4B-00C04F79EFBC}") = "SQLQuaries", "SQLQuaries\SQLQuaries.csproj", "{B288EA82-A7AD-461A-B9C4-ED63A727F1F1}"
EndProject
Global
	GlobalSection(SolutionConfigurationPlatforms) = preSolution
		Debug|Any CPU = Debug|Any CPU
		Release|Any CPU = Release|Any CPU
	EndGlobalSection
	GlobalSection(ProjectConfigurationPlatforms) = postSolution
		{B288EA82-A7AD-461A-B9C4-ED63A727F1F1}.Debug|Any CPU.ActiveCfg = Debug|Any CPU
		{B288EA82-A7AD-461A-B9C4-ED63A727F1F1}.Debug|Any CPU.Build.0 = Debug|Any CPU
		{B288EA82-A7AD-461A-B9C4-ED63A727F1F1}.Release|Any CPU.ActiveCfg = Release|Any CPU
		{B288EA82-A7AD-461A-B9C4-ED63A727F1F1}.Release|Any CPU.Build.0 = Release|Any CPU
	EndGlobalSection
	GlobalSection(SolutionProperties) = preSolution
		HideSolutionNode = FALSE
	EndGlobalSection
	GlobalSection(ExtensibilityGlobals) = postSolution
		SolutionGuid = {0B6CA23F-D1EF-4701-A056-E8A457143888}
	EndGlobalSection
EndGlobal
